
Microsoft Visual Studio Solution File, Format Version 12.00
# Visual Studio 15
Project("{FAE04EC0-301F-11D3-BF4B-00C04F79EFBC}") = "Unity.ML-Agents", "Unity.ML-Agents.csproj", "{D89531B4-458D-8DFD-7F9B-ED3540D30526}"
EndProject
Project("{FAE04EC0-301F-11D3-BF4B-00C04F79EFBC}") = "UnityEngine.TestRunner", "UnityEngine.TestRunner.csproj", "{39E84BB8-B68D-B8AB-A13A-073D23A55DE4}"
EndProject
Project("{FAE04EC0-301F-11D3-BF4B-00C04F79EFBC}") = "Unity.Barracuda", "Unity.Barracuda.csproj", "{160991F8-00FC-4B16-7CC3-12DA4B7ED1BB}"
EndProject
Project("{FAE04EC0-301F-11D3-BF4B-00C04F79EFBC}") = "Assembly-CSharp", "Assembly-CSharp.csproj", "{1DCC37C7-C323-2047-A041-FB13DBE6F9D2}"
EndProject
Project("{FAE04EC0-301F-11D3-BF4B-00C04F79EFBC}") = "Unity.Mathematics", "Unity.Mathematics.csproj", "{74A3BAE9-F33F-283E-939E-D54FB8A8D463}"
EndProject
Project("{FAE04EC0-301F-11D3-BF4B-00C04F79EFBC}") = "Unity.Barracuda.ONNX", "Unity.Barracuda.ONNX.csproj", "{37595C2D-2A8F-3573-3494-2F193B865B4D}"
EndProject
Project("{FAE04EC0-301F-11D3-BF4B-00C04F79EFBC}") = "Unity.Timeline", "Unity.Timeline.csproj", "{D6DB818F-2C15-A3FE-C65D-C0413254B704}"
EndProject
Project("{FAE04EC0-301F-11D3-BF4B-00C04F79EFBC}") = "UnityEngine.UI", "UnityEngine.UI.csproj", "{E327DA95-D350-AB35-31AC-35F89A4D25B6}"
EndProject
Project("{FAE04EC0-301F-11D3-BF4B-00C04F79EFBC}") = "Unity.TextMeshPro", "Unity.TextMeshPro.csproj", "{0E62661F-F449-3D9E-AC08-CCD343F29AD0}"
EndProject
Project("{FAE04EC0-301F-11D3-BF4B-00C04F79EFBC}") = "Unity.ML-Agents.Extensions.Input", "Unity.ML-Agents.Extensions.Input.csproj", "{A87A692A-7C76-5169-43B0-AEA7B3A54434}"
EndProject
Project("{FAE04EC0-301F-11D3-BF4B-00C04F79EFBC}") = "Unity.Burst", "Unity.Burst.csproj", "{8DC47926-EF0F-2189-648B-5016E9B094B9}"
EndProject
Project("{FAE04EC0-301F-11D3-BF4B-00C04F79EFBC}") = "Unity.ML-Agents.CommunicatorObjects", "Unity.ML-Agents.CommunicatorObjects.csproj", "{D9E23BD1-8F98-3264-C73B-37E2C2EE5C18}"
EndProject
Project("{FAE04EC0-301F-11D3-BF4B-00C04F79EFBC}") = "Unity.ML-Agents.Extensions", "Unity.ML-Agents.Extensions.csproj", "{310B29C6-B797-1EB0-08DD-BCC0B79EB284}"
EndProject
Project("{FAE04EC0-301F-11D3-BF4B-00C04F79EFBC}") = "Unity.Barracuda.BurstBLAS", "Unity.Barracuda.BurstBLAS.csproj", "{38B6B134-7839-DAE6-E2F9-B4AE8D9A9A20}"
EndProject
Project("{FAE04EC0-301F-11D3-BF4B-00C04F79EFBC}") = "Unity.Barracuda.iOSBLAS", "Unity.Barracuda.iOSBLAS.csproj", "{E0787EBF-F647-7122-F753-A517DC1A9020}"
EndProject
Project("{FAE04EC0-301F-11D3-BF4B-00C04F79EFBC}") = "Unity.Barracuda.MacBLAS", "Unity.Barracuda.MacBLAS.csproj", "{ED5E322C-1A2A-1531-3F1E-1732A1F2F0B1}"
EndProject
Project("{FAE04EC0-301F-11D3-BF4B-00C04F79EFBC}") = "UnityEditor.TestRunner", "UnityEditor.TestRunner.csproj", "{195D43EC-592E-A816-449A-FDAA5BF95086}"
EndProject
Project("{FAE04EC0-301F-11D3-BF4B-00C04F79EFBC}") = "Unity.PlasticSCM.Editor", "Unity.PlasticSCM.Editor.csproj", "{667ECF87-3434-2F2A-A018-59270808D396}"
EndProject
Project("{FAE04EC0-301F-11D3-BF4B-00C04F79EFBC}") = "UnityEditor.UI", "UnityEditor.UI.csproj", "{0A163402-B8FF-3C73-40EA-D92CED04373C}"
EndProject
Project("{FAE04EC0-301F-11D3-BF4B-00C04F79EFBC}") = "Unity.Services.Core.Editor", "Unity.Services.Core.Editor.csproj", "{BD5C1EF7-C05D-17AC-FC85-9F43B67E0CB6}"
EndProject
Project("{FAE04EC0-301F-11D3-BF4B-00C04F79EFBC}") = "Unity.Timeline.Editor", "Unity.Timeline.Editor.csproj", "{25034978-93A7-6D4D-251F-411D52A99BFF}"
EndProject
Project("{FAE04EC0-301F-11D3-BF4B-00C04F79EFBC}") = "Unity.VisualStudio.Editor", "Unity.VisualStudio.Editor.csproj", "{8408239E-0594-DC15-A827-6C98066E708A}"
EndProject
Project("{FAE04EC0-301F-11D3-BF4B-00C04F79EFBC}") = "Unity.TextMeshPro.Editor", "Unity.TextMeshPro.Editor.csproj", "{0948D956-1F19-79EC-90F8-9010EB610332}"
EndProject
Project("{FAE04EC0-301F-11D3-BF4B-00C04F79EFBC}") = "Unity.CollabProxy.Editor", "Unity.CollabProxy.Editor.csproj", "{A1BBB7AA-7224-64C0-71BB-B1CEE626B2EA}"
EndProject
Project("{FAE04EC0-301F-11D3-BF4B-00C04F79EFBC}") = "Unity.Rider.Editor", "Unity.Rider.Editor.csproj", "{105095BE-90A4-2C91-1FDD-495B484FB156}"
EndProject
Project("{FAE04EC0-301F-11D3-BF4B-00C04F79EFBC}") = "Unity.ML-Agents.Extensions.Editor", "Unity.ML-Agents.Extensions.Editor.csproj", "{9A1B5B3C-7484-264A-4CF1-D8B23C5C9C5E}"
EndProject
Project("{FAE04EC0-301F-11D3-BF4B-00C04F79EFBC}") = "Unity.Burst.Editor", "Unity.Burst.Editor.csproj", "{D2FD6716-675B-9C2F-21F5-7AD6BCC0C5B5}"
EndProject
Project("{FAE04EC0-301F-11D3-BF4B-00C04F79EFBC}") = "Unity.Burst.CodeGen", "Unity.Burst.CodeGen.csproj", "{59AAA13A-EA68-B349-FDB5-7420B382D1BC}"
EndProject
Project("{FAE04EC0-301F-11D3-BF4B-00C04F79EFBC}") = "Unity.VSCode.Editor", "Unity.VSCode.Editor.csproj", "{01430AD1-3CD2-ADF9-A6AB-BB35D15ACDE7}"
EndProject
Project("{FAE04EC0-301F-11D3-BF4B-00C04F79EFBC}") = "Unity.ML-Agents.Editor", "Unity.ML-Agents.Editor.csproj", "{89F18B2D-4897-6FD3-85F1-72A470CB2FF3}"
EndProject
Project("{FAE04EC0-301F-11D3-BF4B-00C04F79EFBC}") = "Unity.Mathematics.Editor", "Unity.Mathematics.Editor.csproj", "{A624BB78-132A-57F1-F9CE-A4B91D05E48D}"
EndProject
Project("{FAE04EC0-301F-11D3-BF4B-00C04F79EFBC}") = "Unity.ML-Agents.Extensions.Editor.Input", "Unity.ML-Agents.Extensions.Editor.Input.csproj", "{1F53F115-2399-26B1-D640-B0E47C26BCC9}"
EndProject
Project("{FAE04EC0-301F-11D3-BF4B-00C04F79EFBC}") = "Unity.Barracuda.Editor", "Unity.Barracuda.Editor.csproj", "{2AA3EE37-653B-F2BE-02AA-EE4D367D26BE}"
EndProject
Project("{FAE04EC0-301F-11D3-BF4B-00C04F79EFBC}") = "Unity.ML-Agents", "Unity.ML-Agents.Player.csproj", "{48AD72FE-FCB2-2457-0FB7-18E139C2DA6E}"
EndProject
Project("{FAE04EC0-301F-11D3-BF4B-00C04F79EFBC}") = "UnityEngine.TestRunner", "UnityEngine.TestRunner.Player.csproj", "{F8759696-0DB5-D5A3-E3E4-03C6F0BBDCBA}"
EndProject
Project("{FAE04EC0-301F-11D3-BF4B-00C04F79EFBC}") = "Unity.Barracuda", "Unity.Barracuda.Player.csproj", "{8AFCD1D2-576B-269F-4731-BB347C58C769}"
EndProject
Project("{FAE04EC0-301F-11D3-BF4B-00C04F79EFBC}") = "Assembly-CSharp", "Assembly-CSharp.Player.csproj", "{835ACB6D-2937-96DE-5A8C-11DBF1DF0066}"
EndProject
Project("{FAE04EC0-301F-11D3-BF4B-00C04F79EFBC}") = "Unity.Mathematics", "Unity.Mathematics.Player.csproj", "{19CB30EA-5199-D9E2-B4FF-634BADAA4115}"
EndProject
Project("{FAE04EC0-301F-11D3-BF4B-00C04F79EFBC}") = "Unity.Barracuda.ONNX", "Unity.Barracuda.ONNX.Player.csproj", "{FF958CA0-AFC1-F668-1BB6-3286F4659E9E}"
EndProject
Project("{FAE04EC0-301F-11D3-BF4B-00C04F79EFBC}") = "Unity.Timeline", "Unity.Timeline.Player.csproj", "{D6555025-295E-E801-4AA0-239084D4A2CE}"
EndProject
Project("{FAE04EC0-301F-11D3-BF4B-00C04F79EFBC}") = "UnityEngine.UI", "UnityEngine.UI.Player.csproj", "{4F41B201-6F8A-6252-B2AE-3395FD886740}"
EndProject
Project("{FAE04EC0-301F-11D3-BF4B-00C04F79EFBC}") = "Unity.TextMeshPro", "Unity.TextMeshPro.Player.csproj", "{85066BD3-BE05-FBB8-D6F4-4EFF9E2B951D}"
EndProject
Project("{FAE04EC0-301F-11D3-BF4B-00C04F79EFBC}") = "Unity.ML-Agents.Extensions.Input", "Unity.ML-Agents.Extensions.Input.Player.csproj", "{1E0938E9-900F-BEF4-0A00-A15C8F9B4264}"
EndProject
Project("{FAE04EC0-301F-11D3-BF4B-00C04F79EFBC}") = "Unity.Burst", "Unity.Burst.Player.csproj", "{D5791DDB-D1D0-C9FC-2168-197F1C72001F}"
EndProject
Project("{FAE04EC0-301F-11D3-BF4B-00C04F79EFBC}") = "Unity.ML-Agents.CommunicatorObjects", "Unity.ML-Agents.CommunicatorObjects.Player.csproj", "{C707CD66-FC17-5152-70C4-46654CE748F5}"
EndProject
Project("{FAE04EC0-301F-11D3-BF4B-00C04F79EFBC}") = "Unity.ML-Agents.Extensions", "Unity.ML-Agents.Extensions.Player.csproj", "{40EB8978-F86D-B208-D972-528925E3981F}"
EndProject
Project("{FAE04EC0-301F-11D3-BF4B-00C04F79EFBC}") = "Unity.Barracuda.BurstBLAS", "Unity.Barracuda.BurstBLAS.Player.csproj", "{191F14A5-1C9B-6B9B-9906-86C3F9A7A5FD}"
EndProject
Global
	GlobalSection(SolutionConfigurationPlatforms) = preSolution
		Debug|Any CPU = Debug|Any CPU
		Release|Any CPU = Release|Any CPU
	EndGlobalSection
	GlobalSection(ProjectConfigurationPlatforms) = postSolution
		{D89531B4-458D-8DFD-7F9B-ED3540D30526}.Debug|Any CPU.ActiveCfg = Debug|Any CPU
		{D89531B4-458D-8DFD-7F9B-ED3540D30526}.Debug|Any CPU.Build.0 = Debug|Any CPU
		{D89531B4-458D-8DFD-7F9B-ED3540D30526}.Release|Any CPU.ActiveCfg = Release|Any CPU
		{D89531B4-458D-8DFD-7F9B-ED3540D30526}.Release|Any CPU.Build.0 = Release|Any CPU
		{39E84BB8-B68D-B8AB-A13A-073D23A55DE4}.Debug|Any CPU.ActiveCfg = Debug|Any CPU
		{39E84BB8-B68D-B8AB-A13A-073D23A55DE4}.Debug|Any CPU.Build.0 = Debug|Any CPU
		{39E84BB8-B68D-B8AB-A13A-073D23A55DE4}.Release|Any CPU.ActiveCfg = Release|Any CPU
		{39E84BB8-B68D-B8AB-A13A-073D23A55DE4}.Release|Any CPU.Build.0 = Release|Any CPU
		{160991F8-00FC-4B16-7CC3-12DA4B7ED1BB}.Debug|Any CPU.ActiveCfg = Debug|Any CPU
		{160991F8-00FC-4B16-7CC3-12DA4B7ED1BB}.Debug|Any CPU.Build.0 = Debug|Any CPU
		{160991F8-00FC-4B16-7CC3-12DA4B7ED1BB}.Release|Any CPU.ActiveCfg = Release|Any CPU
		{160991F8-00FC-4B16-7CC3-12DA4B7ED1BB}.Release|Any CPU.Build.0 = Release|Any CPU
		{1DCC37C7-C323-2047-A041-FB13DBE6F9D2}.Debug|Any CPU.ActiveCfg = Debug|Any CPU
		{1DCC37C7-C323-2047-A041-FB13DBE6F9D2}.Debug|Any CPU.Build.0 = Debug|Any CPU
		{1DCC37C7-C323-2047-A041-FB13DBE6F9D2}.Release|Any CPU.ActiveCfg = Release|Any CPU
		{1DCC37C7-C323-2047-A041-FB13DBE6F9D2}.Release|Any CPU.Build.0 = Release|Any CPU
		{74A3BAE9-F33F-283E-939E-D54FB8A8D463}.Debug|Any CPU.ActiveCfg = Debug|Any CPU
		{74A3BAE9-F33F-283E-939E-D54FB8A8D463}.Debug|Any CPU.Build.0 = Debug|Any CPU
		{74A3BAE9-F33F-283E-939E-D54FB8A8D463}.Release|Any CPU.ActiveCfg = Release|Any CPU
		{74A3BAE9-F33F-283E-939E-D54FB8A8D463}.Release|Any CPU.Build.0 = Release|Any CPU
		{37595C2D-2A8F-3573-3494-2F193B865B4D}.Debug|Any CPU.ActiveCfg = Debug|Any CPU
		{37595C2D-2A8F-3573-3494-2F193B865B4D}.Debug|Any CPU.Build.0 = Debug|Any CPU
		{37595C2D-2A8F-3573-3494-2F193B865B4D}.Release|Any CPU.ActiveCfg = Release|Any CPU
		{37595C2D-2A8F-3573-3494-2F193B865B4D}.Release|Any CPU.Build.0 = Release|Any CPU
		{D6DB818F-2C15-A3FE-C65D-C0413254B704}.Debug|Any CPU.ActiveCfg = Debug|Any CPU
		{D6DB818F-2C15-A3FE-C65D-C0413254B704}.Debug|Any CPU.Build.0 = Debug|Any CPU
		{D6DB818F-2C15-A3FE-C65D-C0413254B704}.Release|Any CPU.ActiveCfg = Release|Any CPU
		{D6DB818F-2C15-A3FE-C65D-C0413254B704}.Release|Any CPU.Build.0 = Release|Any CPU
		{E327DA95-D350-AB35-31AC-35F89A4D25B6}.Debug|Any CPU.ActiveCfg = Debug|Any CPU
		{E327DA95-D350-AB35-31AC-35F89A4D25B6}.Debug|Any CPU.Build.0 = Debug|Any CPU
		{E327DA95-D350-AB35-31AC-35F89A4D25B6}.Release|Any CPU.ActiveCfg = Release|Any CPU
		{E327DA95-D350-AB35-31AC-35F89A4D25B6}.Release|Any CPU.Build.0 = Release|Any CPU
		{0E62661F-F449-3D9E-AC08-CCD343F29AD0}.Debug|Any CPU.ActiveCfg = Debug|Any CPU
		{0E62661F-F449-3D9E-AC08-CCD343F29AD0}.Debug|Any CPU.Build.0 = Debug|Any CPU
		{0E62661F-F449-3D9E-AC08-CCD343F29AD0}.Release|Any CPU.ActiveCfg = Release|Any CPU
		{0E62661F-F449-3D9E-AC08-CCD343F29AD0}.Release|Any CPU.Build.0 = Release|Any CPU
		{A87A692A-7C76-5169-43B0-AEA7B3A54434}.Debug|Any CPU.ActiveCfg = Debug|Any CPU
		{A87A692A-7C76-5169-43B0-AEA7B3A54434}.Debug|Any CPU.Build.0 = Debug|Any CPU
		{A87A692A-7C76-5169-43B0-AEA7B3A54434}.Release|Any CPU.ActiveCfg = Release|Any CPU
		{A87A692A-7C76-5169-43B0-AEA7B3A54434}.Release|Any CPU.Build.0 = Release|Any CPU
		{8DC47926-EF0F-2189-648B-5016E9B094B9}.Debug|Any CPU.ActiveCfg = Debug|Any CPU
		{8DC47926-EF0F-2189-648B-5016E9B094B9}.Debug|Any CPU.Build.0 = Debug|Any CPU
		{8DC47926-EF0F-2189-648B-5016E9B094B9}.Release|Any CPU.ActiveCfg = Release|Any CPU
		{8DC47926-EF0F-2189-648B-5016E9B094B9}.Release|Any CPU.Build.0 = Release|Any CPU
		{D9E23BD1-8F98-3264-C73B-37E2C2EE5C18}.Debug|Any CPU.ActiveCfg = Debug|Any CPU
		{D9E23BD1-8F98-3264-C73B-37E2C2EE5C18}.Debug|Any CPU.Build.0 = Debug|Any CPU
		{D9E23BD1-8F98-3264-C73B-37E2C2EE5C18}.Release|Any CPU.ActiveCfg = Release|Any CPU
		{D9E23BD1-8F98-3264-C73B-37E2C2EE5C18}.Release|Any CPU.Build.0 = Release|Any CPU
		{310B29C6-B797-1EB0-08DD-BCC0B79EB284}.Debug|Any CPU.ActiveCfg = Debug|Any CPU
		{310B29C6-B797-1EB0-08DD-BCC0B79EB284}.Debug|Any CPU.Build.0 = Debug|Any CPU
		{310B29C6-B797-1EB0-08DD-BCC0B79EB284}.Release|Any CPU.ActiveCfg = Release|Any CPU
		{310B29C6-B797-1EB0-08DD-BCC0B79EB284}.Release|Any CPU.Build.0 = Release|Any CPU
		{38B6B134-7839-DAE6-E2F9-B4AE8D9A9A20}.Debug|Any CPU.ActiveCfg = Debug|Any CPU
		{38B6B134-7839-DAE6-E2F9-B4AE8D9A9A20}.Debug|Any CPU.Build.0 = Debug|Any CPU
		{38B6B134-7839-DAE6-E2F9-B4AE8D9A9A20}.Release|Any CPU.ActiveCfg = Release|Any CPU
		{38B6B134-7839-DAE6-E2F9-B4AE8D9A9A20}.Release|Any CPU.Build.0 = Release|Any CPU
		{E0787EBF-F647-7122-F753-A517DC1A9020}.Debug|Any CPU.ActiveCfg = Debug|Any CPU
		{E0787EBF-F647-7122-F753-A517DC1A9020}.Debug|Any CPU.Build.0 = Debug|Any CPU
		{E0787EBF-F647-7122-F753-A517DC1A9020}.Release|Any CPU.ActiveCfg = Release|Any CPU
		{E0787EBF-F647-7122-F753-A517DC1A9020}.Release|Any CPU.Build.0 = Release|Any CPU
		{ED5E322C-1A2A-1531-3F1E-1732A1F2F0B1}.Debug|Any CPU.ActiveCfg = Debug|Any CPU
		{ED5E322C-1A2A-1531-3F1E-1732A1F2F0B1}.Debug|Any CPU.Build.0 = Debug|Any CPU
		{ED5E322C-1A2A-1531-3F1E-1732A1F2F0B1}.Release|Any CPU.ActiveCfg = Release|Any CPU
		{ED5E322C-1A2A-1531-3F1E-1732A1F2F0B1}.Release|Any CPU.Build.0 = Release|Any CPU
		{195D43EC-592E-A816-449A-FDAA5BF95086}.Debug|Any CPU.ActiveCfg = Debug|Any CPU
		{195D43EC-592E-A816-449A-FDAA5BF95086}.Debug|Any CPU.Build.0 = Debug|Any CPU
		{195D43EC-592E-A816-449A-FDAA5BF95086}.Release|Any CPU.ActiveCfg = Release|Any CPU
		{195D43EC-592E-A816-449A-FDAA5BF95086}.Release|Any CPU.Build.0 = Release|Any CPU
		{667ECF87-3434-2F2A-A018-59270808D396}.Debug|Any CPU.ActiveCfg = Debug|Any CPU
		{667ECF87-3434-2F2A-A018-59270808D396}.Debug|Any CPU.Build.0 = Debug|Any CPU
		{667ECF87-3434-2F2A-A018-59270808D396}.Release|Any CPU.ActiveCfg = Release|Any CPU
		{667ECF87-3434-2F2A-A018-59270808D396}.Release|Any CPU.Build.0 = Release|Any CPU
		{0A163402-B8FF-3C73-40EA-D92CED04373C}.Debug|Any CPU.ActiveCfg = Debug|Any CPU
		{0A163402-B8FF-3C73-40EA-D92CED04373C}.Debug|Any CPU.Build.0 = Debug|Any CPU
		{0A163402-B8FF-3C73-40EA-D92CED04373C}.Release|Any CPU.ActiveCfg = Release|Any CPU
		{0A163402-B8FF-3C73-40EA-D92CED04373C}.Release|Any CPU.Build.0 = Release|Any CPU
		{BD5C1EF7-C05D-17AC-FC85-9F43B67E0CB6}.Debug|Any CPU.ActiveCfg = Debug|Any CPU
		{BD5C1EF7-C05D-17AC-FC85-9F43B67E0CB6}.Debug|Any CPU.Build.0 = Debug|Any CPU
		{BD5C1EF7-C05D-17AC-FC85-9F43B67E0CB6}.Release|Any CPU.ActiveCfg = Release|Any CPU
		{BD5C1EF7-C05D-17AC-FC85-9F43B67E0CB6}.Release|Any CPU.Build.0 = Release|Any CPU
		{25034978-93A7-6D4D-251F-411D52A99BFF}.Debug|Any CPU.ActiveCfg = Debug|Any CPU
		{25034978-93A7-6D4D-251F-411D52A99BFF}.Debug|Any CPU.Build.0 = Debug|Any CPU
		{25034978-93A7-6D4D-251F-411D52A99BFF}.Release|Any CPU.ActiveCfg = Release|Any CPU
		{25034978-93A7-6D4D-251F-411D52A99BFF}.Release|Any CPU.Build.0 = Release|Any CPU
		{8408239E-0594-DC15-A827-6C98066E708A}.Debug|Any CPU.ActiveCfg = Debug|Any CPU
		{8408239E-0594-DC15-A827-6C98066E708A}.Debug|Any CPU.Build.0 = Debug|Any CPU
		{8408239E-0594-DC15-A827-6C98066E708A}.Release|Any CPU.ActiveCfg = Release|Any CPU
		{8408239E-0594-DC15-A827-6C98066E708A}.Release|Any CPU.Build.0 = Release|Any CPU
		{0948D956-1F19-79EC-90F8-9010EB610332}.Debug|Any CPU.ActiveCfg = Debug|Any CPU
		{0948D956-1F19-79EC-90F8-9010EB610332}.Debug|Any CPU.Build.0 = Debug|Any CPU
		{0948D956-1F19-79EC-90F8-9010EB610332}.Release|Any CPU.ActiveCfg = Release|Any CPU
		{0948D956-1F19-79EC-90F8-9010EB610332}.Release|Any CPU.Build.0 = Release|Any CPU
		{A1BBB7AA-7224-64C0-71BB-B1CEE626B2EA}.Debug|Any CPU.ActiveCfg = Debug|Any CPU
		{A1BBB7AA-7224-64C0-71BB-B1CEE626B2EA}.Debug|Any CPU.Build.0 = Debug|Any CPU
		{A1BBB7AA-7224-64C0-71BB-B1CEE626B2EA}.Release|Any CPU.ActiveCfg = Release|Any CPU
		{A1BBB7AA-7224-64C0-71BB-B1CEE626B2EA}.Release|Any CPU.Build.0 = Release|Any CPU
		{105095BE-90A4-2C91-1FDD-495B484FB156}.Debug|Any CPU.ActiveCfg = Debug|Any CPU
		{105095BE-90A4-2C91-1FDD-495B484FB156}.Debug|Any CPU.Build.0 = Debug|Any CPU
		{105095BE-90A4-2C91-1FDD-495B484FB156}.Release|Any CPU.ActiveCfg = Release|Any CPU
		{105095BE-90A4-2C91-1FDD-495B484FB156}.Release|Any CPU.Build.0 = Release|Any CPU
		{9A1B5B3C-7484-264A-4CF1-D8B23C5C9C5E}.Debug|Any CPU.ActiveCfg = Debug|Any CPU
		{9A1B5B3C-7484-264A-4CF1-D8B23C5C9C5E}.Debug|Any CPU.Build.0 = Debug|Any CPU
		{9A1B5B3C-7484-264A-4CF1-D8B23C5C9C5E}.Release|Any CPU.ActiveCfg = Release|Any CPU
		{9A1B5B3C-7484-264A-4CF1-D8B23C5C9C5E}.Release|Any CPU.Build.0 = Release|Any CPU
		{D2FD6716-675B-9C2F-21F5-7AD6BCC0C5B5}.Debug|Any CPU.ActiveCfg = Debug|Any CPU
		{D2FD6716-675B-9C2F-21F5-7AD6BCC0C5B5}.Debug|Any CPU.Build.0 = Debug|Any CPU
		{D2FD6716-675B-9C2F-21F5-7AD6BCC0C5B5}.Release|Any CPU.ActiveCfg = Release|Any CPU
		{D2FD6716-675B-9C2F-21F5-7AD6BCC0C5B5}.Release|Any CPU.Build.0 = Release|Any CPU
		{59AAA13A-EA68-B349-FDB5-7420B382D1BC}.Debug|Any CPU.ActiveCfg = Debug|Any CPU
		{59AAA13A-EA68-B349-FDB5-7420B382D1BC}.Debug|Any CPU.Build.0 = Debug|Any CPU
		{59AAA13A-EA68-B349-FDB5-7420B382D1BC}.Release|Any CPU.ActiveCfg = Release|Any CPU
		{59AAA13A-EA68-B349-FDB5-7420B382D1BC}.Release|Any CPU.Build.0 = Release|Any CPU
		{01430AD1-3CD2-ADF9-A6AB-BB35D15ACDE7}.Debug|Any CPU.ActiveCfg = Debug|Any CPU
		{01430AD1-3CD2-ADF9-A6AB-BB35D15ACDE7}.Debug|Any CPU.Build.0 = Debug|Any CPU
		{01430AD1-3CD2-ADF9-A6AB-BB35D15ACDE7}.Release|Any CPU.ActiveCfg = Release|Any CPU
		{01430AD1-3CD2-ADF9-A6AB-BB35D15ACDE7}.Release|Any CPU.Build.0 = Release|Any CPU
		{89F18B2D-4897-6FD3-85F1-72A470CB2FF3}.Debug|Any CPU.ActiveCfg = Debug|Any CPU
		{89F18B2D-4897-6FD3-85F1-72A470CB2FF3}.Debug|Any CPU.Build.0 = Debug|Any CPU
		{89F18B2D-4897-6FD3-85F1-72A470CB2FF3}.Release|Any CPU.ActiveCfg = Release|Any CPU
		{89F18B2D-4897-6FD3-85F1-72A470CB2FF3}.Release|Any CPU.Build.0 = Release|Any CPU
		{A624BB78-132A-57F1-F9CE-A4B91D05E48D}.Debug|Any CPU.ActiveCfg = Debug|Any CPU
		{A624BB78-132A-57F1-F9CE-A4B91D05E48D}.Debug|Any CPU.Build.0 = Debug|Any CPU
		{A624BB78-132A-57F1-F9CE-A4B91D05E48D}.Release|Any CPU.ActiveCfg = Release|Any CPU
		{A624BB78-132A-57F1-F9CE-A4B91D05E48D}.Release|Any CPU.Build.0 = Release|Any CPU
		{1F53F115-2399-26B1-D640-B0E47C26BCC9}.Debug|Any CPU.ActiveCfg = Debug|Any CPU
		{1F53F115-2399-26B1-D640-B0E47C26BCC9}.Debug|Any CPU.Build.0 = Debug|Any CPU
		{1F53F115-2399-26B1-D640-B0E47C26BCC9}.Release|Any CPU.ActiveCfg = Release|Any CPU
		{1F53F115-2399-26B1-D640-B0E47C26BCC9}.Release|Any CPU.Build.0 = Release|Any CPU
		{2AA3EE37-653B-F2BE-02AA-EE4D367D26BE}.Debug|Any CPU.ActiveCfg = Debug|Any CPU
		{2AA3EE37-653B-F2BE-02AA-EE4D367D26BE}.Debug|Any CPU.Build.0 = Debug|Any CPU
		{2AA3EE37-653B-F2BE-02AA-EE4D367D26BE}.Release|Any CPU.ActiveCfg = Release|Any CPU
		{2AA3EE37-653B-F2BE-02AA-EE4D367D26BE}.Release|Any CPU.Build.0 = Release|Any CPU
		{48AD72FE-FCB2-2457-0FB7-18E139C2DA6E}.Debug|Any CPU.ActiveCfg = Debug|Any CPU
		{48AD72FE-FCB2-2457-0FB7-18E139C2DA6E}.Debug|Any CPU.Build.0 = Debug|Any CPU
		{48AD72FE-FCB2-2457-0FB7-18E139C2DA6E}.Release|Any CPU.ActiveCfg = Release|Any CPU
		{48AD72FE-FCB2-2457-0FB7-18E139C2DA6E}.Release|Any CPU.Build.0 = Release|Any CPU
		{F8759696-0DB5-D5A3-E3E4-03C6F0BBDCBA}.Debug|Any CPU.ActiveCfg = Debug|Any CPU
		{F8759696-0DB5-D5A3-E3E4-03C6F0BBDCBA}.Debug|Any CPU.Build.0 = Debug|Any CPU
		{F8759696-0DB5-D5A3-E3E4-03C6F0BBDCBA}.Release|Any CPU.ActiveCfg = Release|Any CPU
		{F8759696-0DB5-D5A3-E3E4-03C6F0BBDCBA}.Release|Any CPU.Build.0 = Release|Any CPU
		{8AFCD1D2-576B-269F-4731-BB347C58C769}.Debug|Any CPU.ActiveCfg = Debug|Any CPU
		{8AFCD1D2-576B-269F-4731-BB347C58C769}.Debug|Any CPU.Build.0 = Debug|Any CPU
		{8AFCD1D2-576B-269F-4731-BB347C58C769}.Release|Any CPU.ActiveCfg = Release|Any CPU
		{8AFCD1D2-576B-269F-4731-BB347C58C769}.Release|Any CPU.Build.0 = Release|Any CPU
		{835ACB6D-2937-96DE-5A8C-11DBF1DF0066}.Debug|Any CPU.ActiveCfg = Debug|Any CPU
		{835ACB6D-2937-96DE-5A8C-11DBF1DF0066}.Debug|Any CPU.Build.0 = Debug|Any CPU
		{835ACB6D-2937-96DE-5A8C-11DBF1DF0066}.Release|Any CPU.ActiveCfg = Release|Any CPU
		{835ACB6D-2937-96DE-5A8C-11DBF1DF0066}.Release|Any CPU.Build.0 = Release|Any CPU
		{19CB30EA-5199-D9E2-B4FF-634BADAA4115}.Debug|Any CPU.ActiveCfg = Debug|Any CPU
		{19CB30EA-5199-D9E2-B4FF-634BADAA4115}.Debug|Any CPU.Build.0 = Debug|Any CPU
		{19CB30EA-5199-D9E2-B4FF-634BADAA4115}.Release|Any CPU.ActiveCfg = Release|Any CPU
		{19CB30EA-5199-D9E2-B4FF-634BADAA4115}.Release|Any CPU.Build.0 = Release|Any CPU
		{FF958CA0-AFC1-F668-1BB6-3286F4659E9E}.Debug|Any CPU.ActiveCfg = Debug|Any CPU
		{FF958CA0-AFC1-F668-1BB6-3286F4659E9E}.Debug|Any CPU.Build.0 = Debug|Any CPU
		{FF958CA0-AFC1-F668-1BB6-3286F4659E9E}.Release|Any CPU.ActiveCfg = Release|Any CPU
		{FF958CA0-AFC1-F668-1BB6-3286F4659E9E}.Release|Any CPU.Build.0 = Release|Any CPU
		{D6555025-295E-E801-4AA0-239084D4A2CE}.Debug|Any CPU.ActiveCfg = Debug|Any CPU
		{D6555025-295E-E801-4AA0-239084D4A2CE}.Debug|Any CPU.Build.0 = Debug|Any CPU
		{D6555025-295E-E801-4AA0-239084D4A2CE}.Release|Any CPU.ActiveCfg = Release|Any CPU
		{D6555025-295E-E801-4AA0-239084D4A2CE}.Release|Any CPU.Build.0 = Release|Any CPU
		{4F41B201-6F8A-6252-B2AE-3395FD886740}.Debug|Any CPU.ActiveCfg = Debug|Any CPU
		{4F41B201-6F8A-6252-B2AE-3395FD886740}.Debug|Any CPU.Build.0 = Debug|Any CPU
		{4F41B201-6F8A-6252-B2AE-3395FD886740}.Release|Any CPU.ActiveCfg = Release|Any CPU
		{4F41B201-6F8A-6252-B2AE-3395FD886740}.Release|Any CPU.Build.0 = Release|Any CPU
		{85066BD3-BE05-FBB8-D6F4-4EFF9E2B951D}.Debug|Any CPU.ActiveCfg = Debug|Any CPU
		{85066BD3-BE05-FBB8-D6F4-4EFF9E2B951D}.Debug|Any CPU.Build.0 = Debug|Any CPU
		{85066BD3-BE05-FBB8-D6F4-4EFF9E2B951D}.Release|Any CPU.ActiveCfg = Release|Any CPU
		{85066BD3-BE05-FBB8-D6F4-4EFF9E2B951D}.Release|Any CPU.Build.0 = Release|Any CPU
		{1E0938E9-900F-BEF4-0A00-A15C8F9B4264}.Debug|Any CPU.ActiveCfg = Debug|Any CPU
		{1E0938E9-900F-BEF4-0A00-A15C8F9B4264}.Debug|Any CPU.Build.0 = Debug|Any CPU
		{1E0938E9-900F-BEF4-0A00-A15C8F9B4264}.Release|Any CPU.ActiveCfg = Release|Any CPU
		{1E0938E9-900F-BEF4-0A00-A15C8F9B4264}.Release|Any CPU.Build.0 = Release|Any CPU
		{D5791DDB-D1D0-C9FC-2168-197F1C72001F}.Debug|Any CPU.ActiveCfg = Debug|Any CPU
		{D5791DDB-D1D0-C9FC-2168-197F1C72001F}.Debug|Any CPU.Build.0 = Debug|Any CPU
		{D5791DDB-D1D0-C9FC-2168-197F1C72001F}.Release|Any CPU.ActiveCfg = Release|Any CPU
		{D5791DDB-D1D0-C9FC-2168-197F1C72001F}.Release|Any CPU.Build.0 = Release|Any CPU
		{C707CD66-FC17-5152-70C4-46654CE748F5}.Debug|Any CPU.ActiveCfg = Debug|Any CPU
		{C707CD66-FC17-5152-70C4-46654CE748F5}.Debug|Any CPU.Build.0 = Debug|Any CPU
		{C707CD66-FC17-5152-70C4-46654CE748F5}.Release|Any CPU.ActiveCfg = Release|Any CPU
		{C707CD66-FC17-5152-70C4-46654CE748F5}.Release|Any CPU.Build.0 = Release|Any CPU
		{40EB8978-F86D-B208-D972-528925E3981F}.Debug|Any CPU.ActiveCfg = Debug|Any CPU
		{40EB8978-F86D-B208-D972-528925E3981F}.Debug|Any CPU.Build.0 = Debug|Any CPU
		{40EB8978-F86D-B208-D972-528925E3981F}.Release|Any CPU.ActiveCfg = Release|Any CPU
		{40EB8978-F86D-B208-D972-528925E3981F}.Release|Any CPU.Build.0 = Release|Any CPU
		{191F14A5-1C9B-6B9B-9906-86C3F9A7A5FD}.Debug|Any CPU.ActiveCfg = Debug|Any CPU
		{191F14A5-1C9B-6B9B-9906-86C3F9A7A5FD}.Debug|Any CPU.Build.0 = Debug|Any CPU
		{191F14A5-1C9B-6B9B-9906-86C3F9A7A5FD}.Release|Any CPU.ActiveCfg = Release|Any CPU
		{191F14A5-1C9B-6B9B-9906-86C3F9A7A5FD}.Release|Any CPU.Build.0 = Release|Any CPU
	EndGlobalSection
	GlobalSection(SolutionProperties) = preSolution
		HideSolutionNode = FALSE
	EndGlobalSection
EndGlobal
